
Microsoft Visual Studio Solution File, Format Version 12.00
# Visual Studio Version 17
VisualStudioVersion = 17.1.32210.238
MinimumVisualStudioVersion = 10.0.40219.1
Project("{FAE04EC0-301F-11D3-BF4B-00C04F79EFBC}") = "HW3.Android", "HW3\HW3.Android\HW3.Android.csproj", "{028BE834-2E59-411F-AF24-E74F33E47177}"
EndProject
Project("{FAE04EC0-301F-11D3-BF4B-00C04F79EFBC}") = "HW3", "HW3\HW3\HW3.csproj", "{FC46F4F9-8B40-44C6-BB53-2D8567F53750}"
EndProject
Global
	GlobalSection(SolutionConfigurationPlatforms) = preSolution
		Debug|Any CPU = Debug|Any CPU
		Release|Any CPU = Release|Any CPU
	EndGlobalSection
	GlobalSection(ProjectConfigurationPlatforms) = postSolution
		{028BE834-2E59-411F-AF24-E74F33E47177}.Debug|Any CPU.ActiveCfg = Debug|Any CPU
		{028BE834-2E59-411F-AF24-E74F33E47177}.Debug|Any CPU.Build.0 = Debug|Any CPU
		{028BE834-2E59-411F-AF24-E74F33E47177}.Debug|Any CPU.Deploy.0 = Debug|Any CPU
		{028BE834-2E59-411F-AF24-E74F33E47177}.Release|Any CPU.ActiveCfg = Release|Any CPU
		{028BE834-2E59-411F-AF24-E74F33E47177}.Release|Any CPU.Build.0 = Release|Any CPU
		{028BE834-2E59-411F-AF24-E74F33E47177}.Release|Any CPU.Deploy.0 = Release|Any CPU
		{FC46F4F9-8B40-44C6-BB53-2D8567F53750}.Debug|Any CPU.ActiveCfg = Debug|Any CPU
		{FC46F4F9-8B40-44C6-BB53-2D8567F53750}.Debug|Any CPU.Build.0 = Debug|Any CPU
		{FC46F4F9-8B40-44C6-BB53-2D8567F53750}.Debug|Any CPU.Deploy.0 = Debug|Any CPU
		{FC46F4F9-8B40-44C6-BB53-2D8567F53750}.Release|Any CPU.ActiveCfg = Release|Any CPU
		{FC46F4F9-8B40-44C6-BB53-2D8567F53750}.Release|Any CPU.Build.0 = Release|Any CPU
		{FC46F4F9-8B40-44C6-BB53-2D8567F53750}.Release|Any CPU.Deploy.0 = Release|Any CPU
	EndGlobalSection
	GlobalSection(SolutionProperties) = preSolution
		HideSolutionNode = FALSE
	EndGlobalSection
	GlobalSection(ExtensibilityGlobals) = postSolution
		SolutionGuid = {368683E5-4371-4693-A077-D66AF7986B87}
	EndGlobalSection
EndGlobal
